
Microsoft Visual Studio Solution File, Format Version 12.00
# Visual Studio Version 16
VisualStudioVersion = 16.0.30804.86
MinimumVisualStudioVersion = 10.0.40219.1
Project("{9A19103F-16F7-4668-BE54-9A1E7A4F7556}") = "Entities", "Entities\Entities.csproj", "{F2164791-1B79-47FB-8E59-11CE0D78B51D}"
EndProject
Project("{9A19103F-16F7-4668-BE54-9A1E7A4F7556}") = "DataAccess", "DataAccess\DataAccess.csproj", "{B587B7D3-078B-467A-AD6E-7A4D407AC77A}"
EndProject
Project("{9A19103F-16F7-4668-BE54-9A1E7A4F7556}") = "Business", "Business\Business.csproj", "{8B7E4D68-A83E-4455-A92B-EA02A2F719AD}"
EndProject
Project("{9A19103F-16F7-4668-BE54-9A1E7A4F7556}") = "Core", "Core\Core.csproj", "{FCCC4D34-CCCC-479D-A953-B70AE87F2DC8}"
EndProject
Project("{9A19103F-16F7-4668-BE54-9A1E7A4F7556}") = "WebAPI", "WebAPI\WebAPI.csproj", "{F5F63C9A-B7A4-4123-9220-9B9EFF2C9851}"
EndProject
Global
	GlobalSection(SolutionConfigurationPlatforms) = preSolution
		Debug|Any CPU = Debug|Any CPU
		Release|Any CPU = Release|Any CPU
	EndGlobalSection
	GlobalSection(ProjectConfigurationPlatforms) = postSolution
		{F2164791-1B79-47FB-8E59-11CE0D78B51D}.Debug|Any CPU.ActiveCfg = Debug|Any CPU
		{F2164791-1B79-47FB-8E59-11CE0D78B51D}.Debug|Any CPU.Build.0 = Debug|Any CPU
		{F2164791-1B79-47FB-8E59-11CE0D78B51D}.Release|Any CPU.ActiveCfg = Release|Any CPU
		{F2164791-1B79-47FB-8E59-11CE0D78B51D}.Release|Any CPU.Build.0 = Release|Any CPU
		{B587B7D3-078B-467A-AD6E-7A4D407AC77A}.Debug|Any CPU.ActiveCfg = Debug|Any CPU
		{B587B7D3-078B-467A-AD6E-7A4D407AC77A}.Debug|Any CPU.Build.0 = Debug|Any CPU
		{B587B7D3-078B-467A-AD6E-7A4D407AC77A}.Release|Any CPU.ActiveCfg = Release|Any CPU
		{B587B7D3-078B-467A-AD6E-7A4D407AC77A}.Release|Any CPU.Build.0 = Release|Any CPU
		{8B7E4D68-A83E-4455-A92B-EA02A2F719AD}.Debug|Any CPU.ActiveCfg = Debug|Any CPU
		{8B7E4D68-A83E-4455-A92B-EA02A2F719AD}.Debug|Any CPU.Build.0 = Debug|Any CPU
		{8B7E4D68-A83E-4455-A92B-EA02A2F719AD}.Release|Any CPU.ActiveCfg = Release|Any CPU
		{8B7E4D68-A83E-4455-A92B-EA02A2F719AD}.Release|Any CPU.Build.0 = Release|Any CPU
		{FCCC4D34-CCCC-479D-A953-B70AE87F2DC8}.Debug|Any CPU.ActiveCfg = Debug|Any CPU
		{FCCC4D34-CCCC-479D-A953-B70AE87F2DC8}.Debug|Any CPU.Build.0 = Debug|Any CPU
		{FCCC4D34-CCCC-479D-A953-B70AE87F2DC8}.Release|Any CPU.ActiveCfg = Release|Any CPU
		{FCCC4D34-CCCC-479D-A953-B70AE87F2DC8}.Release|Any CPU.Build.0 = Release|Any CPU
		{F5F63C9A-B7A4-4123-9220-9B9EFF2C9851}.Debug|Any CPU.ActiveCfg = Debug|Any CPU
		{F5F63C9A-B7A4-4123-9220-9B9EFF2C9851}.Debug|Any CPU.Build.0 = Debug|Any CPU
		{F5F63C9A-B7A4-4123-9220-9B9EFF2C9851}.Release|Any CPU.ActiveCfg = Release|Any CPU
		{F5F63C9A-B7A4-4123-9220-9B9EFF2C9851}.Release|Any CPU.Build.0 = Release|Any CPU
	EndGlobalSection
	GlobalSection(SolutionProperties) = preSolution
		HideSolutionNode = FALSE
	EndGlobalSection
	GlobalSection(ExtensibilityGlobals) = postSolution
		SolutionGuid = {8162D8F8-258C-4567-BA94-CF9FF131D676}
	EndGlobalSection
EndGlobal
